
Microsoft Visual Studio Solution File, Format Version 12.00
# Visual Studio Version 16
VisualStudioVersion = 16.0.30523.141
MinimumVisualStudioVersion = 10.0.40219.1
Project("{FAE04EC0-301F-11D3-BF4B-00C04F79EFBC}") = "MobileW06.Android", "MobileW06\MobileW06.Android\MobileW06.Android.csproj", "{CCA47EC1-3334-43C3-AC77-4199396F9AA8}"
EndProject
Project("{FAE04EC0-301F-11D3-BF4B-00C04F79EFBC}") = "MobileW06.iOS", "MobileW06\MobileW06.iOS\MobileW06.iOS.csproj", "{D907044D-1685-48CB-BE31-0831E10CFAC4}"
EndProject
Project("{FAE04EC0-301F-11D3-BF4B-00C04F79EFBC}") = "MobileW06", "MobileW06\MobileW06\MobileW06.csproj", "{5611C72C-D7A5-4D1B-BE82-29FA3B97D720}"
EndProject
Global
	GlobalSection(SolutionConfigurationPlatforms) = preSolution
		Debug|Any CPU = Debug|Any CPU
		Debug|iPhone = Debug|iPhone
		Debug|iPhoneSimulator = Debug|iPhoneSimulator
		Release|Any CPU = Release|Any CPU
		Release|iPhone = Release|iPhone
		Release|iPhoneSimulator = Release|iPhoneSimulator
	EndGlobalSection
	GlobalSection(ProjectConfigurationPlatforms) = postSolution
		{CCA47EC1-3334-43C3-AC77-4199396F9AA8}.Debug|Any CPU.ActiveCfg = Debug|Any CPU
		{CCA47EC1-3334-43C3-AC77-4199396F9AA8}.Debug|Any CPU.Build.0 = Debug|Any CPU
		{CCA47EC1-3334-43C3-AC77-4199396F9AA8}.Debug|Any CPU.Deploy.0 = Debug|Any CPU
		{CCA47EC1-3334-43C3-AC77-4199396F9AA8}.Debug|iPhone.ActiveCfg = Debug|Any CPU
		{CCA47EC1-3334-43C3-AC77-4199396F9AA8}.Debug|iPhone.Build.0 = Debug|Any CPU
		{CCA47EC1-3334-43C3-AC77-4199396F9AA8}.Debug|iPhone.Deploy.0 = Debug|Any CPU
		{CCA47EC1-3334-43C3-AC77-4199396F9AA8}.Debug|iPhoneSimulator.ActiveCfg = Debug|Any CPU
		{CCA47EC1-3334-43C3-AC77-4199396F9AA8}.Debug|iPhoneSimulator.Build.0 = Debug|Any CPU
		{CCA47EC1-3334-43C3-AC77-4199396F9AA8}.Debug|iPhoneSimulator.Deploy.0 = Debug|Any CPU
		{CCA47EC1-3334-43C3-AC77-4199396F9AA8}.Release|Any CPU.ActiveCfg = Release|Any CPU
		{CCA47EC1-3334-43C3-AC77-4199396F9AA8}.Release|Any CPU.Build.0 = Release|Any CPU
		{CCA47EC1-3334-43C3-AC77-4199396F9AA8}.Release|Any CPU.Deploy.0 = Release|Any CPU
		{CCA47EC1-3334-43C3-AC77-4199396F9AA8}.Release|iPhone.ActiveCfg = Release|Any CPU
		{CCA47EC1-3334-43C3-AC77-4199396F9AA8}.Release|iPhone.Build.0 = Release|Any CPU
		{CCA47EC1-3334-43C3-AC77-4199396F9AA8}.Release|iPhone.Deploy.0 = Release|Any CPU
		{CCA47EC1-3334-43C3-AC77-4199396F9AA8}.Release|iPhoneSimulator.ActiveCfg = Release|Any CPU
		{CCA47EC1-3334-43C3-AC77-4199396F9AA8}.Release|iPhoneSimulator.Build.0 = Release|Any CPU
		{CCA47EC1-3334-43C3-AC77-4199396F9AA8}.Release|iPhoneSimulator.Deploy.0 = Release|Any CPU
		{D907044D-1685-48CB-BE31-0831E10CFAC4}.Debug|Any CPU.ActiveCfg = Debug|iPhoneSimulator
		{D907044D-1685-48CB-BE31-0831E10CFAC4}.Debug|Any CPU.Build.0 = Debug|iPhoneSimulator
		{D907044D-1685-48CB-BE31-0831E10CFAC4}.Debug|Any CPU.Deploy.0 = Debug|iPhoneSimulator
		{D907044D-1685-48CB-BE31-0831E10CFAC4}.Debug|iPhone.ActiveCfg = Debug|iPhone
		{D907044D-1685-48CB-BE31-0831E10CFAC4}.Debug|iPhone.Build.0 = Debug|iPhone
		{D907044D-1685-48CB-BE31-0831E10CFAC4}.Debug|iPhone.Deploy.0 = Debug|iPhone
		{D907044D-1685-48CB-BE31-0831E10CFAC4}.Debug|iPhoneSimulator.ActiveCfg = Debug|iPhoneSimulator
		{D907044D-1685-48CB-BE31-0831E10CFAC4}.Debug|iPhoneSimulator.Build.0 = Debug|iPhoneSimulator
		{D907044D-1685-48CB-BE31-0831E10CFAC4}.Debug|iPhoneSimulator.Deploy.0 = Debug|iPhoneSimulator
		{D907044D-1685-48CB-BE31-0831E10CFAC4}.Release|Any CPU.ActiveCfg = Release|iPhoneSimulator
		{D907044D-1685-48CB-BE31-0831E10CFAC4}.Release|Any CPU.Build.0 = Release|iPhoneSimulator
		{D907044D-1685-48CB-BE31-0831E10CFAC4}.Release|Any CPU.Deploy.0 = Release|iPhoneSimulator
		{D907044D-1685-48CB-BE31-0831E10CFAC4}.Release|iPhone.ActiveCfg = Release|iPhone
		{D907044D-1685-48CB-BE31-0831E10CFAC4}.Release|iPhone.Build.0 = Release|iPhone
		{D907044D-1685-48CB-BE31-0831E10CFAC4}.Release|iPhone.Deploy.0 = Release|iPhone
		{D907044D-1685-48CB-BE31-0831E10CFAC4}.Release|iPhoneSimulator.ActiveCfg = Release|iPhoneSimulator
		{D907044D-1685-48CB-BE31-0831E10CFAC4}.Release|iPhoneSimulator.Build.0 = Release|iPhoneSimulator
		{D907044D-1685-48CB-BE31-0831E10CFAC4}.Release|iPhoneSimulator.Deploy.0 = Release|iPhoneSimulator
		{5611C72C-D7A5-4D1B-BE82-29FA3B97D720}.Debug|Any CPU.ActiveCfg = Debug|Any CPU
		{5611C72C-D7A5-4D1B-BE82-29FA3B97D720}.Debug|Any CPU.Build.0 = Debug|Any CPU
		{5611C72C-D7A5-4D1B-BE82-29FA3B97D720}.Debug|Any CPU.Deploy.0 = Debug|Any CPU
		{5611C72C-D7A5-4D1B-BE82-29FA3B97D720}.Debug|iPhone.ActiveCfg = Debug|Any CPU
		{5611C72C-D7A5-4D1B-BE82-29FA3B97D720}.Debug|iPhone.Build.0 = Debug|Any CPU
		{5611C72C-D7A5-4D1B-BE82-29FA3B97D720}.Debug|iPhone.Deploy.0 = Debug|Any CPU
		{5611C72C-D7A5-4D1B-BE82-29FA3B97D720}.Debug|iPhoneSimulator.ActiveCfg = Debug|Any CPU
		{5611C72C-D7A5-4D1B-BE82-29FA3B97D720}.Debug|iPhoneSimulator.Build.0 = Debug|Any CPU
		{5611C72C-D7A5-4D1B-BE82-29FA3B97D720}.Debug|iPhoneSimulator.Deploy.0 = Debug|Any CPU
		{5611C72C-D7A5-4D1B-BE82-29FA3B97D720}.Release|Any CPU.ActiveCfg = Release|Any CPU
		{5611C72C-D7A5-4D1B-BE82-29FA3B97D720}.Release|Any CPU.Build.0 = Release|Any CPU
		{5611C72C-D7A5-4D1B-BE82-29FA3B97D720}.Release|Any CPU.Deploy.0 = Release|Any CPU
		{5611C72C-D7A5-4D1B-BE82-29FA3B97D720}.Release|iPhone.ActiveCfg = Release|Any CPU
		{5611C72C-D7A5-4D1B-BE82-29FA3B97D720}.Release|iPhone.Build.0 = Release|Any CPU
		{5611C72C-D7A5-4D1B-BE82-29FA3B97D720}.Release|iPhone.Deploy.0 = Release|Any CPU
		{5611C72C-D7A5-4D1B-BE82-29FA3B97D720}.Release|iPhoneSimulator.ActiveCfg = Release|Any CPU
		{5611C72C-D7A5-4D1B-BE82-29FA3B97D720}.Release|iPhoneSimulator.Build.0 = Release|Any CPU
		{5611C72C-D7A5-4D1B-BE82-29FA3B97D720}.Release|iPhoneSimulator.Deploy.0 = Release|Any CPU
	EndGlobalSection
	GlobalSection(SolutionProperties) = preSolution
		HideSolutionNode = FALSE
	EndGlobalSection
	GlobalSection(ExtensibilityGlobals) = postSolution
		SolutionGuid = {5EB5E832-F99C-4534-B6F8-C5671EC28C12}
	EndGlobalSection
EndGlobal
